// !$*UTF8*$!
{
	archiveVersion = 1;
	classes = {
	};
	objectVersion = 50;
	objects = {

/* Begin PBXBuildFile section */
		A4B6A80427076137006C326A /* Action.js in Resources */ = {isa = PBXBuildFile; fileRef = A4B6A80327076137006C326A /* Action.js */; };
		A4F509FD2704F6560089CE8D /* AppDelegate.swift in Sources */ = {isa = PBXBuildFile; fileRef = A4F509FC2704F6560089CE8D /* AppDelegate.swift */; };
		A4F509FF2704F6560089CE8D /* SceneDelegate.swift in Sources */ = {isa = PBXBuildFile; fileRef = A4F509FE2704F6560089CE8D /* SceneDelegate.swift */; };
		A4F50A012704F6560089CE8D /* ViewController.swift in Sources */ = {isa = PBXBuildFile; fileRef = A4F50A002704F6560089CE8D /* ViewController.swift */; };
		A4F50A042704F6560089CE8D /* Main.storyboard in Resources */ = {isa = PBXBuildFile; fileRef = A4F50A022704F6560089CE8D /* Main.storyboard */; };
		A4F50A062704F6590089CE8D /* Assets.xcassets in Resources */ = {isa = PBXBuildFile; fileRef = A4F50A052704F6590089CE8D /* Assets.xcassets */; };
		A4F50A092704F6590089CE8D /* LaunchScreen.storyboard in Resources */ = {isa = PBXBuildFile; fileRef = A4F50A072704F6590089CE8D /* LaunchScreen.storyboard */; };
		A4F50A17270504E90089CE8D /* Media.xcassets in Resources */ = {isa = PBXBuildFile; fileRef = A4F50A16270504E90089CE8D /* Media.xcassets */; };
		A4F50A19270504E90089CE8D /* ActionViewController.swift in Sources */ = {isa = PBXBuildFile; fileRef = A4F50A18270504E90089CE8D /* ActionViewController.swift */; };
		A4F50A1C270504E90089CE8D /* MainInterface.storyboard in Resources */ = {isa = PBXBuildFile; fileRef = A4F50A1A270504E90089CE8D /* MainInterface.storyboard */; };
		A4F50A20270504E90089CE8D /* Extension.appex in Embed App Extensions */ = {isa = PBXBuildFile; fileRef = A4F50A14270504E90089CE8D /* Extension.appex */; settings = {ATTRIBUTES = (RemoveHeadersOnCopy, ); }; };
/* End PBXBuildFile section */

/* Begin PBXContainerItemProxy section */
		A4F50A1E270504E90089CE8D /* PBXContainerItemProxy */ = {
			isa = PBXContainerItemProxy;
			containerPortal = A4F509F12704F6560089CE8D /* Project object */;
			proxyType = 1;
			remoteGlobalIDString = A4F50A13270504E90089CE8D;
			remoteInfo = Extension;
		};
/* End PBXContainerItemProxy section */

/* Begin PBXCopyFilesBuildPhase section */
		A4F50A24270504E90089CE8D /* Embed App Extensions */ = {
			isa = PBXCopyFilesBuildPhase;
			buildActionMask = 2147483647;
			dstPath = "";
			dstSubfolderSpec = 13;
			files = (
				A4F50A20270504E90089CE8D /* Extension.appex in Embed App Extensions */,
			);
			name = "Embed App Extensions";
			runOnlyForDeploymentPostprocessing = 0;
		};
/* End PBXCopyFilesBuildPhase section */

/* Begin PBXFileReference section */
		A4B6A80327076137006C326A /* Action.js */ = {isa = PBXFileReference; lastKnownFileType = sourcecode.javascript; path = Action.js; sourceTree = "<group>"; };
		A4F509F92704F6560089CE8D /* Project19.app */ = {isa = PBXFileReference; explicitFileType = wrapper.application; includeInIndex = 0; path = Project19.app; sourceTree = BUILT_PRODUCTS_DIR; };
		A4F509FC2704F6560089CE8D /* AppDelegate.swift */ = {isa = PBXFileReference; lastKnownFileType = sourcecode.swift; path = AppDelegate.swift; sourceTree = "<group>"; };
		A4F509FE2704F6560089CE8D /* SceneDelegate.swift */ = {isa = PBXFileReference; lastKnownFileType = sourcecode.swift; path = SceneDelegate.swift; sourceTree = "<group>"; };
		A4F50A002704F6560089CE8D /* ViewController.swift */ = {isa = PBXFileReference; lastKnownFileType = sourcecode.swift; path = ViewController.swift; sourceTree = "<group>"; };
		A4F50A032704F6560089CE8D /* Base */ = {isa = PBXFileReference; lastKnownFileType = file.storyboard; name = Base; path = Base.lproj/Main.storyboard; sourceTree = "<group>"; };
		A4F50A052704F6590089CE8D /* Assets.xcassets */ = {isa = PBXFileReference; lastKnownFileType = folder.assetcatalog; path = Assets.xcassets; sourceTree = "<group>"; };
		A4F50A082704F6590089CE8D /* Base */ = {isa = PBXFileReference; lastKnownFileType = file.storyboard; name = Base; path = Base.lproj/LaunchScreen.storyboard; sourceTree = "<group>"; };
		A4F50A0A2704F6590089CE8D /* Info.plist */ = {isa = PBXFileReference; lastKnownFileType = text.plist.xml; path = Info.plist; sourceTree = "<group>"; };
		A4F50A14270504E90089CE8D /* Extension.appex */ = {isa = PBXFileReference; explicitFileType = "wrapper.app-extension"; includeInIndex = 0; path = Extension.appex; sourceTree = BUILT_PRODUCTS_DIR; };
		A4F50A16270504E90089CE8D /* Media.xcassets */ = {isa = PBXFileReference; lastKnownFileType = folder.assetcatalog; path = Media.xcassets; sourceTree = "<group>"; };
		A4F50A18270504E90089CE8D /* ActionViewController.swift */ = {isa = PBXFileReference; lastKnownFileType = sourcecode.swift; path = ActionViewController.swift; sourceTree = "<group>"; };
		A4F50A1B270504E90089CE8D /* Base */ = {isa = PBXFileReference; lastKnownFileType = file.storyboard; name = Base; path = Base.lproj/MainInterface.storyboard; sourceTree = "<group>"; };
		A4F50A1D270504E90089CE8D /* Info.plist */ = {isa = PBXFileReference; lastKnownFileType = text.plist.xml; path = Info.plist; sourceTree = "<group>"; };
/* End PBXFileReference section */

/* Begin PBXFrameworksBuildPhase section */
		A4F509F62704F6560089CE8D /* Frameworks */ = {
			isa = PBXFrameworksBuildPhase;
			buildActionMask = 2147483647;
			files = (
			);
			runOnlyForDeploymentPostprocessing = 0;
		};
		A4F50A11270504E90089CE8D /* Frameworks */ = {
			isa = PBXFrameworksBuildPhase;
			buildActionMask = 2147483647;
			files = (
			);
			runOnlyForDeploymentPostprocessing = 0;
		};
/* End PBXFrameworksBuildPhase section */

/* Begin PBXGroup section */
		A4F509F02704F6560089CE8D = {
			isa = PBXGroup;
			children = (
				A4F509FB2704F6560089CE8D /* Project19 */,
				A4F50A15270504E90089CE8D /* Extension */,
				A4F509FA2704F6560089CE8D /* Products */,
			);
			sourceTree = "<group>";
		};
		A4F509FA2704F6560089CE8D /* Products */ = {
			isa = PBXGroup;
			children = (
				A4F509F92704F6560089CE8D /* Project19.app */,
				A4F50A14270504E90089CE8D /* Extension.appex */,
			);
			name = Products;
			sourceTree = "<group>";
		};
		A4F509FB2704F6560089CE8D /* Project19 */ = {
			isa = PBXGroup;
			children = (
				A4F509FC2704F6560089CE8D /* AppDelegate.swift */,
				A4F509FE2704F6560089CE8D /* SceneDelegate.swift */,
				A4F50A002704F6560089CE8D /* ViewController.swift */,
				A4F50A022704F6560089CE8D /* Main.storyboard */,
				A4F50A052704F6590089CE8D /* Assets.xcassets */,
				A4F50A072704F6590089CE8D /* LaunchScreen.storyboard */,
				A4F50A0A2704F6590089CE8D /* Info.plist */,
			);
			path = Project19;
			sourceTree = "<group>";
		};
		A4F50A15270504E90089CE8D /* Extension */ = {
			isa = PBXGroup;
			children = (
				A4F50A16270504E90089CE8D /* Media.xcassets */,
				A4F50A18270504E90089CE8D /* ActionViewController.swift */,
				A4F50A1A270504E90089CE8D /* MainInterface.storyboard */,
				A4F50A1D270504E90089CE8D /* Info.plist */,
				A4B6A80327076137006C326A /* Action.js */,
			);
			path = Extension;
			sourceTree = "<group>";
		};
/* End PBXGroup section */

/* Begin PBXNativeTarget section */
		A4F509F82704F6560089CE8D /* Project19 */ = {
			isa = PBXNativeTarget;
			buildConfigurationList = A4F50A0D2704F6590089CE8D /* Build configuration list for PBXNativeTarget "Project19" */;
			buildPhases = (
				A4F509F52704F6560089CE8D /* Sources */,
				A4F509F62704F6560089CE8D /* Frameworks */,
				A4F509F72704F6560089CE8D /* Resources */,
				A4F50A24270504E90089CE8D /* Embed App Extensions */,
			);
			buildRules = (
			);
			dependencies = (
				A4F50A1F270504E90089CE8D /* PBXTargetDependency */,
			);
			name = Project19;
			productName = Project19;
			productReference = A4F509F92704F6560089CE8D /* Project19.app */;
			productType = "com.apple.product-type.application";
		};
		A4F50A13270504E90089CE8D /* Extension */ = {
			isa = PBXNativeTarget;
			buildConfigurationList = A4F50A21270504E90089CE8D /* Build configuration list for PBXNativeTarget "Extension" */;
			buildPhases = (
				A4F50A10270504E90089CE8D /* Sources */,
				A4F50A11270504E90089CE8D /* Frameworks */,
				A4F50A12270504E90089CE8D /* Resources */,
			);
			buildRules = (
			);
			dependencies = (
			);
			name = Extension;
			productName = Extension;
			productReference = A4F50A14270504E90089CE8D /* Extension.appex */;
			productType = "com.apple.product-type.app-extension";
		};
/* End PBXNativeTarget section */

/* Begin PBXProject section */
		A4F509F12704F6560089CE8D /* Project object */ = {
			isa = PBXProject;
			attributes = {
				LastSwiftUpdateCheck = 1250;
				LastUpgradeCheck = 1250;
				TargetAttributes = {
					A4F509F82704F6560089CE8D = {
						CreatedOnToolsVersion = 12.5.1;
					};
					A4F50A13270504E90089CE8D = {
						CreatedOnToolsVersion = 12.5.1;
					};
				};
			};
			buildConfigurationList = A4F509F42704F6560089CE8D /* Build configuration list for PBXProject "Project19" */;
			compatibilityVersion = "Xcode 9.3";
			developmentRegion = en;
			hasScannedForEncodings = 0;
			knownRegions = (
				en,
				Base,
			);
			mainGroup = A4F509F02704F6560089CE8D;
			productRefGroup = A4F509FA2704F6560089CE8D /* Products */;
			projectDirPath = "";
			projectRoot = "";
			targets = (
				A4F509F82704F6560089CE8D /* Project19 */,
				A4F50A13270504E90089CE8D /* Extension */,
			);
		};
/* End PBXProject section */

/* Begin PBXResourcesBuildPhase section */
		A4F509F72704F6560089CE8D /* Resources */ = {
			isa = PBXResourcesBuildPhase;
			buildActionMask = 2147483647;
			files = (
				A4F50A092704F6590089CE8D /* LaunchScreen.storyboard in Resources */,
				A4F50A062704F6590089CE8D /* Assets.xcassets in Resources */,
				A4F50A042704F6560089CE8D /* Main.storyboard in Resources */,
			);
			runOnlyForDeploymentPostprocessing = 0;
		};
		A4F50A12270504E90089CE8D /* Resources */ = {
			isa = PBXResourcesBuildPhase;
			buildActionMask = 2147483647;
			files = (
				A4B6A80427076137006C326A /* Action.js in Resources */,
				A4F50A17270504E90089CE8D /* Media.xcassets in Resources */,
				A4F50A1C270504E90089CE8D /* MainInterface.storyboard in Resources */,
			);
			runOnlyForDeploymentPostprocessing = 0;
		};
/* End PBXResourcesBuildPhase section */

/* Begin PBXSourcesBuildPhase section */
		A4F509F52704F6560089CE8D /* Sources */ = {
			isa = PBXSourcesBuildPhase;
			buildActionMask = 2147483647;
			files = (
				A4F50A012704F6560089CE8D /* ViewController.swift in Sources */,
				A4F509FD2704F6560089CE8D /* AppDelegate.swift in Sources */,
				A4F509FF2704F6560089CE8D /* SceneDelegate.swift in Sources */,
			);
			runOnlyForDeploymentPostprocessing = 0;
		};
		A4F50A10270504E90089CE8D /* Sources */ = {
			isa = PBXSourcesBuildPhase;
			buildActionMask = 2147483647;
			files = (
				A4F50A19270504E90089CE8D /* ActionViewController.swift in Sources */,
			);
			runOnlyForDeploymentPostprocessing = 0;
		};
/* End PBXSourcesBuildPhase section */

/* Begin PBXTargetDependency section */
		A4F50A1F270504E90089CE8D /* PBXTargetDependency */ = {
			isa = PBXTargetDependency;
			target = A4F50A13270504E90089CE8D /* Extension */;
			targetProxy = A4F50A1E270504E90089CE8D /* PBXContainerItemProxy */;
		};
/* End PBXTargetDependency section */

/* Begin PBXVariantGroup section */
		A4F50A022704F6560089CE8D /* Main.storyboard */ = {
			isa = PBXVariantGroup;
			children = (
				A4F50A032704F6560089CE8D /* Base */,
			);
			name = Main.storyboard;
			sourceTree = "<group>";
		};
		A4F50A072704F6590089CE8D /* LaunchScreen.storyboard */ = {
			isa = PBXVariantGroup;
			children = (
				A4F50A082704F6590089CE8D /* Base */,
			);
			name = LaunchScreen.storyboard;
			sourceTree = "<group>";
		};
		A4F50A1A270504E90089CE8D /* MainInterface.storyboard */ = {
			isa = PBXVariantGroup;
			children = (
				A4F50A1B270504E90089CE8D /* Base */,
			);
			name = MainInterface.storyboard;
			sourceTree = "<group>";
		};
/* End PBXVariantGroup section */

/* Begin XCBuildConfiguration section */
		A4F50A0B2704F6590089CE8D /* Debug */ = {
			isa = XCBuildConfiguration;
			buildSettings = {
				ALWAYS_SEARCH_USER_PATHS = NO;
				CLANG_ANALYZER_NONNULL = YES;
				CLANG_ANALYZER_NUMBER_OBJECT_CONVERSION = YES_AGGRESSIVE;
				CLANG_CXX_LANGUAGE_STANDARD = "gnu++14";
				CLANG_CXX_LIBRARY = "libc++";
				CLANG_ENABLE_MODULES = YES;
				CLANG_ENABLE_OBJC_ARC = YES;
				CLANG_ENABLE_OBJC_WEAK = YES;
				CLANG_WARN_BLOCK_CAPTURE_AUTORELEASING = YES;
				CLANG_WARN_BOOL_CONVERSION = YES;
				CLANG_WARN_COMMA = YES;
				CLANG_WARN_CONSTANT_CONVERSION = YES;
				CLANG_WARN_DEPRECATED_OBJC_IMPLEMENTATIONS = YES;
				CLANG_WARN_DIRECT_OBJC_ISA_USAGE = YES_ERROR;
				CLANG_WARN_DOCUMENTATION_COMMENTS = YES;
				CLANG_WARN_EMPTY_BODY = YES;
				CLANG_WARN_ENUM_CONVERSION = YES;
				CLANG_WARN_INFINITE_RECURSION = YES;
				CLANG_WARN_INT_CONVERSION = YES;
				CLANG_WARN_NON_LITERAL_NULL_CONVERSION = YES;
				CLANG_WARN_OBJC_IMPLICIT_RETAIN_SELF = YES;
				CLANG_WARN_OBJC_LITERAL_CONVERSION = YES;
				CLANG_WARN_OBJC_ROOT_CLASS = YES_ERROR;
				CLANG_WARN_QUOTED_INCLUDE_IN_FRAMEWORK_HEADER = YES;
				CLANG_WARN_RANGE_LOOP_ANALYSIS = YES;
				CLANG_WARN_STRICT_PROTOTYPES = YES;
				CLANG_WARN_SUSPICIOUS_MOVE = YES;
				CLANG_WARN_UNGUARDED_AVAILABILITY = YES_AGGRESSIVE;
				CLANG_WARN_UNREACHABLE_CODE = YES;
				CLANG_WARN__DUPLICATE_METHOD_MATCH = YES;
				COPY_PHASE_STRIP = NO;
				DEBUG_INFORMATION_FORMAT = dwarf;
				ENABLE_STRICT_OBJC_MSGSEND = YES;
				ENABLE_TESTABILITY = YES;
				GCC_C_LANGUAGE_STANDARD = gnu11;
				GCC_DYNAMIC_NO_PIC = NO;
				GCC_NO_COMMON_BLOCKS = YES;
				GCC_OPTIMIZATION_LEVEL = 0;
				GCC_PREPROCESSOR_DEFINITIONS = (
					"DEBUG=1",
					"$(inherited)",
				);
				GCC_WARN_64_TO_32_BIT_CONVERSION = YES;
				GCC_WARN_ABOUT_RETURN_TYPE = YES_ERROR;
				GCC_WARN_UNDECLARED_SELECTOR = YES;
				GCC_WARN_UNINITIALIZED_AUTOS = YES_AGGRESSIVE;
				GCC_WARN_UNUSED_FUNCTION = YES;
				GCC_WARN_UNUSED_VARIABLE = YES;
				IPHONEOS_DEPLOYMENT_TARGET = 14.5;
				MTL_ENABLE_DEBUG_INFO = INCLUDE_SOURCE;
				MTL_FAST_MATH = YES;
				ONLY_ACTIVE_ARCH = YES;
				SDKROOT = iphoneos;
				SWIFT_ACTIVE_COMPILATION_CONDITIONS = DEBUG;
				SWIFT_OPTIMIZATION_LEVEL = "-Onone";
			};
			name = Debug;
		};
		A4F50A0C2704F6590089CE8D /* Release */ = {
			isa = XCBuildConfiguration;
			buildSettings = {
				ALWAYS_SEARCH_USER_PATHS = NO;
				CLANG_ANALYZER_NONNULL = YES;
				CLANG_ANALYZER_NUMBER_OBJECT_CONVERSION = YES_AGGRESSIVE;
				CLANG_CXX_LANGUAGE_STANDARD = "gnu++14";
				CLANG_CXX_LIBRARY = "libc++";
				CLANG_ENABLE_MODULES = YES;
				CLANG_ENABLE_OBJC_ARC = YES;
				CLANG_ENABLE_OBJC_WEAK = YES;
				CLANG_WARN_BLOCK_CAPTURE_AUTORELEASING = YES;
				CLANG_WARN_BOOL_CONVERSION = YES;
				CLANG_WARN_COMMA = YES;
				CLANG_WARN_CONSTANT_CONVERSION = YES;
				CLANG_WARN_DEPRECATED_OBJC_IMPLEMENTATIONS = YES;
				CLANG_WARN_DIRECT_OBJC_ISA_USAGE = YES_ERROR;
				CLANG_WARN_DOCUMENTATION_COMMENTS = YES;
				CLANG_WARN_EMPTY_BODY = YES;
				CLANG_WARN_ENUM_CONVERSION = YES;
				CLANG_WARN_INFINITE_RECURSION = YES;
				CLANG_WARN_INT_CONVERSION = YES;
				CLANG_WARN_NON_LITERAL_NULL_CONVERSION = YES;
				CLANG_WARN_OBJC_IMPLICIT_RETAIN_SELF = YES;
				CLANG_WARN_OBJC_LITERAL_CONVERSION = YES;
				CLANG_WARN_OBJC_ROOT_CLASS = YES_ERROR;
				CLANG_WARN_QUOTED_INCLUDE_IN_FRAMEWORK_HEADER = YES;
				CLANG_WARN_RANGE_LOOP_ANALYSIS = YES;
				CLANG_WARN_STRICT_PROTOTYPES = YES;
				CLANG_WARN_SUSPICIOUS_MOVE = YES;
				CLANG_WARN_UNGUARDED_AVAILABILITY = YES_AGGRESSIVE;
				CLANG_WARN_UNREACHABLE_CODE = YES;
				CLANG_WARN__DUPLICATE_METHOD_MATCH = YES;
				COPY_PHASE_STRIP = NO;
				DEBUG_INFORMATION_FORMAT = "dwarf-with-dsym";
				ENABLE_NS_ASSERTIONS = NO;
				ENABLE_STRICT_OBJC_MSGSEND = YES;
				GCC_C_LANGUAGE_STANDARD = gnu11;
				GCC_NO_COMMON_BLOCKS = YES;
				GCC_WARN_64_TO_32_BIT_CONVERSION = YES;
				GCC_WARN_ABOUT_RETURN_TYPE = YES_ERROR;
				GCC_WARN_UNDECLARED_SELECTOR = YES;
				GCC_WARN_UNINITIALIZED_AUTOS = YES_AGGRESSIVE;
				GCC_WARN_UNUSED_FUNCTION = YES;
				GCC_WARN_UNUSED_VARIABLE = YES;
				IPHONEOS_DEPLOYMENT_TARGET = 14.5;
				MTL_ENABLE_DEBUG_INFO = NO;
				MTL_FAST_MATH = YES;
				SDKROOT = iphoneos;
				SWIFT_COMPILATION_MODE = wholemodule;
				SWIFT_OPTIMIZATION_LEVEL = "-O";
				VALIDATE_PRODUCT = YES;
			};
			name = Release;
		};
		A4F50A0E2704F6590089CE8D /* Debug */ = {
			isa = XCBuildConfiguration;
			buildSettings = {
				ALWAYS_EMBED_SWIFT_STANDARD_LIBRARIES = YES;
				ASSETCATALOG_COMPILER_APPICON_NAME = AppIcon;
				ASSETCATALOG_COMPILER_GLOBAL_ACCENT_COLOR_NAME = AccentColor;
				CODE_SIGN_STYLE = Automatic;
				DEVELOPMENT_TEAM = ZKN7GZZS2K;
				INFOPLIST_FILE = Project19/Info.plist;
				LD_RUNPATH_SEARCH_PATHS = (
					"$(inherited)",
					"@executable_path/Frameworks",
				);
				PRODUCT_BUNDLE_IDENTIFIER = com.cassiafranco.Project19;
				PRODUCT_NAME = "$(TARGET_NAME)";
				SWIFT_VERSION = 5.0;
				TARGETED_DEVICE_FAMILY = "1,2";
			};
			name = Debug;
		};
		A4F50A0F2704F6590089CE8D /* Release */ = {
			isa = XCBuildConfiguration;
			buildSettings = {
				ALWAYS_EMBED_SWIFT_STANDARD_LIBRARIES = YES;
				ASSETCATALOG_COMPILER_APPICON_NAME = AppIcon;
				ASSETCATALOG_COMPILER_GLOBAL_ACCENT_COLOR_NAME = AccentColor;
				CODE_SIGN_STYLE = Automatic;
				DEVELOPMENT_TEAM = ZKN7GZZS2K;
				INFOPLIST_FILE = Project19/Info.plist;
				LD_RUNPATH_SEARCH_PATHS = (
					"$(inherited)",
					"@executable_path/Frameworks",
				);
				PRODUCT_BUNDLE_IDENTIFIER = com.cassiafranco.Project19;
				PRODUCT_NAME = "$(TARGET_NAME)";
				SWIFT_VERSION = 5.0;
				TARGETED_DEVICE_FAMILY = "1,2";
			};
			name = Release;
		};
		A4F50A22270504E90089CE8D /* Debug */ = {
			isa = XCBuildConfiguration;
			buildSettings = {
				CODE_SIGN_STYLE = Automatic;
				DEVELOPMENT_TEAM = ZKN7GZZS2K;
				INFOPLIST_FILE = Extension/Info.plist;
				LD_RUNPATH_SEARCH_PATHS = (
					"$(inherited)",
					"@executable_path/Frameworks",
					"@executable_path/../../Frameworks",
				);
				PRODUCT_BUNDLE_IDENTIFIER = com.cassiafranco.Project19.Extension;
				PRODUCT_NAME = "$(TARGET_NAME)";
				SKIP_INSTALL = YES;
				SWIFT_VERSION = 5.0;
				TARGETED_DEVICE_FAMILY = "1,2";
			};
			name = Debug;
		};
		A4F50A23270504E90089CE8D /* Release */ = {
			isa = XCBuildConfiguration;
			buildSettings = {
				CODE_SIGN_STYLE = Automatic;
				DEVELOPMENT_TEAM = ZKN7GZZS2K;
				INFOPLIST_FILE = Extension/Info.plist;
				LD_RUNPATH_SEARCH_PATHS = (
					"$(inherited)",
					"@executable_path/Frameworks",
					"@executable_path/../../Frameworks",
				);
				PRODUCT_BUNDLE_IDENTIFIER = com.cassiafranco.Project19.Extension;
				PRODUCT_NAME = "$(TARGET_NAME)";
				SKIP_INSTALL = YES;
				SWIFT_VERSION = 5.0;
				TARGETED_DEVICE_FAMILY = "1,2";
			};
			name = Release;
		};
/* End XCBuildConfiguration section */

/* Begin XCConfigurationList section */
		A4F509F42704F6560089CE8D /* Build configuration list for PBXProject "Project19" */ = {
			isa = XCConfigurationList;
			buildConfigurations = (
				A4F50A0B2704F6590089CE8D /* Debug */,
				A4F50A0C2704F6590089CE8D /* Release */,
			);
			defaultConfigurationIsVisible = 0;
			defaultConfigurationName = Release;
		};
		A4F50A0D2704F6590089CE8D /* Build configuration list for PBXNativeTarget "Project19" */ = {
			isa = XCConfigurationList;
			buildConfigurations = (
				A4F50A0E2704F6590089CE8D /* Debug */,
				A4F50A0F2704F6590089CE8D /* Release */,
			);
			defaultConfigurationIsVisible = 0;
			defaultConfigurationName = Release;
		};
		A4F50A21270504E90089CE8D /* Build configuration list for PBXNativeTarget "Extension" */ = {
			isa = XCConfigurationList;
			buildConfigurations = (
				A4F50A22270504E90089CE8D /* Debug */,
				A4F50A23270504E90089CE8D /* Release */,
			);
			defaultConfigurationIsVisible = 0;
			defaultConfigurationName = Release;
		};
/* End XCConfigurationList section */
	};
	rootObject = A4F509F12704F6560089CE8D /* Project object */;
}
