// !$*UTF8*$!
{
	archiveVersion = 1;
	classes = {
	};
	objectVersion = 55;
	objects = {

/* Begin PBXBuildFile section */
		A4C8CDCA279EE86600647621 /* AppDelegate.swift in Sources */ = {isa = PBXBuildFile; fileRef = A4C8CDC9279EE86600647621 /* AppDelegate.swift */; };
		A4C8CDCC279EE86600647621 /* GameScene.sks in Resources */ = {isa = PBXBuildFile; fileRef = A4C8CDCB279EE86600647621 /* GameScene.sks */; };
		A4C8CDCE279EE86600647621 /* Actions.sks in Resources */ = {isa = PBXBuildFile; fileRef = A4C8CDCD279EE86600647621 /* Actions.sks */; };
		A4C8CDD0279EE86600647621 /* GameScene.swift in Sources */ = {isa = PBXBuildFile; fileRef = A4C8CDCF279EE86600647621 /* GameScene.swift */; };
		A4C8CDD2279EE86600647621 /* GameViewController.swift in Sources */ = {isa = PBXBuildFile; fileRef = A4C8CDD1279EE86600647621 /* GameViewController.swift */; };
		A4C8CDD5279EE86600647621 /* Main.storyboard in Resources */ = {isa = PBXBuildFile; fileRef = A4C8CDD3279EE86600647621 /* Main.storyboard */; };
		A4C8CDD7279EE86900647621 /* Assets.xcassets in Resources */ = {isa = PBXBuildFile; fileRef = A4C8CDD6279EE86900647621 /* Assets.xcassets */; };
		A4C8CDDA279EE86900647621 /* LaunchScreen.storyboard in Resources */ = {isa = PBXBuildFile; fileRef = A4C8CDD8279EE86900647621 /* LaunchScreen.storyboard */; };
		A4C8CDE9279EEC4E00647621 /* sliceFuse.sks in Resources */ = {isa = PBXBuildFile; fileRef = A4C8CDE5279EEC4E00647621 /* sliceFuse.sks */; };
		A4C8CDEA279EEC4E00647621 /* sliceBombFuse.caf in Resources */ = {isa = PBXBuildFile; fileRef = A4C8CDE6279EEC4E00647621 /* sliceBombFuse.caf */; };
		A4C8CDEB279EEC4E00647621 /* sliceHitBomb.sks in Resources */ = {isa = PBXBuildFile; fileRef = A4C8CDE7279EEC4E00647621 /* sliceHitBomb.sks */; };
		A4C8CDEC279EEC4E00647621 /* sliceHitEnemy.sks in Resources */ = {isa = PBXBuildFile; fileRef = A4C8CDE8279EEC4E00647621 /* sliceHitEnemy.sks */; };
/* End PBXBuildFile section */

/* Begin PBXFileReference section */
		A4C8CDC6279EE86600647621 /* Project23.app */ = {isa = PBXFileReference; explicitFileType = wrapper.application; includeInIndex = 0; path = Project23.app; sourceTree = BUILT_PRODUCTS_DIR; };
		A4C8CDC9279EE86600647621 /* AppDelegate.swift */ = {isa = PBXFileReference; lastKnownFileType = sourcecode.swift; path = AppDelegate.swift; sourceTree = "<group>"; };
		A4C8CDCB279EE86600647621 /* GameScene.sks */ = {isa = PBXFileReference; lastKnownFileType = file.sks; path = GameScene.sks; sourceTree = "<group>"; };
		A4C8CDCD279EE86600647621 /* Actions.sks */ = {isa = PBXFileReference; lastKnownFileType = file.sks; path = Actions.sks; sourceTree = "<group>"; };
		A4C8CDCF279EE86600647621 /* GameScene.swift */ = {isa = PBXFileReference; lastKnownFileType = sourcecode.swift; path = GameScene.swift; sourceTree = "<group>"; };
		A4C8CDD1279EE86600647621 /* GameViewController.swift */ = {isa = PBXFileReference; lastKnownFileType = sourcecode.swift; path = GameViewController.swift; sourceTree = "<group>"; };
		A4C8CDD4279EE86600647621 /* Base */ = {isa = PBXFileReference; lastKnownFileType = file.storyboard; name = Base; path = Base.lproj/Main.storyboard; sourceTree = "<group>"; };
		A4C8CDD6279EE86900647621 /* Assets.xcassets */ = {isa = PBXFileReference; lastKnownFileType = folder.assetcatalog; path = Assets.xcassets; sourceTree = "<group>"; };
		A4C8CDD9279EE86900647621 /* Base */ = {isa = PBXFileReference; lastKnownFileType = file.storyboard; name = Base; path = Base.lproj/LaunchScreen.storyboard; sourceTree = "<group>"; };
		A4C8CDE0279EEC3700647621 /* swoosh2.caf */ = {isa = PBXFileReference; lastKnownFileType = file; path = swoosh2.caf; sourceTree = "<group>"; };
		A4C8CDE1279EEC3800647621 /* wrong.caf */ = {isa = PBXFileReference; lastKnownFileType = file; path = wrong.caf; sourceTree = "<group>"; };
		A4C8CDE2279EEC3800647621 /* swoosh1.caf */ = {isa = PBXFileReference; lastKnownFileType = file; path = swoosh1.caf; sourceTree = "<group>"; };
		A4C8CDE3279EEC3800647621 /* whack.caf */ = {isa = PBXFileReference; lastKnownFileType = file; path = whack.caf; sourceTree = "<group>"; };
		A4C8CDE4279EEC3800647621 /* swoosh3.caf */ = {isa = PBXFileReference; lastKnownFileType = file; path = swoosh3.caf; sourceTree = "<group>"; };
		A4C8CDE5279EEC4E00647621 /* sliceFuse.sks */ = {isa = PBXFileReference; lastKnownFileType = file.sks; path = sliceFuse.sks; sourceTree = "<group>"; };
		A4C8CDE6279EEC4E00647621 /* sliceBombFuse.caf */ = {isa = PBXFileReference; lastKnownFileType = file; path = sliceBombFuse.caf; sourceTree = "<group>"; };
		A4C8CDE7279EEC4E00647621 /* sliceHitBomb.sks */ = {isa = PBXFileReference; lastKnownFileType = file.sks; path = sliceHitBomb.sks; sourceTree = "<group>"; };
		A4C8CDE8279EEC4E00647621 /* sliceHitEnemy.sks */ = {isa = PBXFileReference; lastKnownFileType = file.sks; path = sliceHitEnemy.sks; sourceTree = "<group>"; };
		A4C8CDED279EEC5500647621 /* launch.caf */ = {isa = PBXFileReference; lastKnownFileType = file; path = launch.caf; sourceTree = "<group>"; };
		A4C8CDEF279EEC7E00647621 /* explosion.caf */ = {isa = PBXFileReference; lastKnownFileType = file; path = explosion.caf; sourceTree = "<group>"; };
/* End PBXFileReference section */

/* Begin PBXFrameworksBuildPhase section */
		A4C8CDC3279EE86600647621 /* Frameworks */ = {
			isa = PBXFrameworksBuildPhase;
			buildActionMask = 2147483647;
			files = (
			);
			runOnlyForDeploymentPostprocessing = 0;
		};
/* End PBXFrameworksBuildPhase section */

/* Begin PBXGroup section */
		A4C8CDBD279EE86600647621 = {
			isa = PBXGroup;
			children = (
				A4C8CDC8279EE86600647621 /* Project23 */,
				A4C8CDC7279EE86600647621 /* Products */,
			);
			sourceTree = "<group>";
		};
		A4C8CDC7279EE86600647621 /* Products */ = {
			isa = PBXGroup;
			children = (
				A4C8CDC6279EE86600647621 /* Project23.app */,
			);
			name = Products;
			sourceTree = "<group>";
		};
		A4C8CDC8279EE86600647621 /* Project23 */ = {
			isa = PBXGroup;
			children = (
				A4C8CDC9279EE86600647621 /* AppDelegate.swift */,
				A4C8CDCB279EE86600647621 /* GameScene.sks */,
				A4C8CDCD279EE86600647621 /* Actions.sks */,
				A4C8CDCF279EE86600647621 /* GameScene.swift */,
				A4C8CDD1279EE86600647621 /* GameViewController.swift */,
				A4C8CDD3279EE86600647621 /* Main.storyboard */,
				A4C8CDD6279EE86900647621 /* Assets.xcassets */,
				A4C8CDD8279EE86900647621 /* LaunchScreen.storyboard */,
				A4C8CDE2279EEC3800647621 /* swoosh1.caf */,
				A4C8CDE0279EEC3700647621 /* swoosh2.caf */,
				A4C8CDE4279EEC3800647621 /* swoosh3.caf */,
				A4C8CDE3279EEC3800647621 /* whack.caf */,
				A4C8CDE1279EEC3800647621 /* wrong.caf */,
				A4C8CDE6279EEC4E00647621 /* sliceBombFuse.caf */,
				A4C8CDE5279EEC4E00647621 /* sliceFuse.sks */,
				A4C8CDE7279EEC4E00647621 /* sliceHitBomb.sks */,
				A4C8CDE8279EEC4E00647621 /* sliceHitEnemy.sks */,
				A4C8CDED279EEC5500647621 /* launch.caf */,
				A4C8CDEF279EEC7E00647621 /* explosion.caf */,
			);
			path = Project23;
			sourceTree = "<group>";
		};
/* End PBXGroup section */

/* Begin PBXNativeTarget section */
		A4C8CDC5279EE86600647621 /* Project23 */ = {
			isa = PBXNativeTarget;
			buildConfigurationList = A4C8CDDD279EE86900647621 /* Build configuration list for PBXNativeTarget "Project23" */;
			buildPhases = (
				A4C8CDC2279EE86600647621 /* Sources */,
				A4C8CDC3279EE86600647621 /* Frameworks */,
				A4C8CDC4279EE86600647621 /* Resources */,
			);
			buildRules = (
			);
			dependencies = (
			);
			name = Project23;
			productName = Project23;
			productReference = A4C8CDC6279EE86600647621 /* Project23.app */;
			productType = "com.apple.product-type.application";
		};
/* End PBXNativeTarget section */

/* Begin PBXProject section */
		A4C8CDBE279EE86600647621 /* Project object */ = {
			isa = PBXProject;
			attributes = {
				BuildIndependentTargetsInParallel = 1;
				LastSwiftUpdateCheck = 1320;
				LastUpgradeCheck = 1320;
				TargetAttributes = {
					A4C8CDC5279EE86600647621 = {
						CreatedOnToolsVersion = 13.2.1;
					};
				};
			};
			buildConfigurationList = A4C8CDC1279EE86600647621 /* Build configuration list for PBXProject "Project23" */;
			compatibilityVersion = "Xcode 13.0";
			developmentRegion = en;
			hasScannedForEncodings = 0;
			knownRegions = (
				en,
				Base,
			);
			mainGroup = A4C8CDBD279EE86600647621;
			productRefGroup = A4C8CDC7279EE86600647621 /* Products */;
			projectDirPath = "";
			projectRoot = "";
			targets = (
				A4C8CDC5279EE86600647621 /* Project23 */,
			);
		};
/* End PBXProject section */

/* Begin PBXResourcesBuildPhase section */
		A4C8CDC4279EE86600647621 /* Resources */ = {
			isa = PBXResourcesBuildPhase;
			buildActionMask = 2147483647;
			files = (
				A4C8CDEC279EEC4E00647621 /* sliceHitEnemy.sks in Resources */,
				A4C8CDD5279EE86600647621 /* Main.storyboard in Resources */,
				A4C8CDCC279EE86600647621 /* GameScene.sks in Resources */,
				A4C8CDD7279EE86900647621 /* Assets.xcassets in Resources */,
				A4C8CDDA279EE86900647621 /* LaunchScreen.storyboard in Resources */,
				A4C8CDEB279EEC4E00647621 /* sliceHitBomb.sks in Resources */,
				A4C8CDCE279EE86600647621 /* Actions.sks in Resources */,
				A4C8CDEA279EEC4E00647621 /* sliceBombFuse.caf in Resources */,
				A4C8CDE9279EEC4E00647621 /* sliceFuse.sks in Resources */,
			);
			runOnlyForDeploymentPostprocessing = 0;
		};
/* End PBXResourcesBuildPhase section */

/* Begin PBXSourcesBuildPhase section */
		A4C8CDC2279EE86600647621 /* Sources */ = {
			isa = PBXSourcesBuildPhase;
			buildActionMask = 2147483647;
			files = (
				A4C8CDD0279EE86600647621 /* GameScene.swift in Sources */,
				A4C8CDD2279EE86600647621 /* GameViewController.swift in Sources */,
				A4C8CDCA279EE86600647621 /* AppDelegate.swift in Sources */,
			);
			runOnlyForDeploymentPostprocessing = 0;
		};
/* End PBXSourcesBuildPhase section */

/* Begin PBXVariantGroup section */
		A4C8CDD3279EE86600647621 /* Main.storyboard */ = {
			isa = PBXVariantGroup;
			children = (
				A4C8CDD4279EE86600647621 /* Base */,
			);
			name = Main.storyboard;
			sourceTree = "<group>";
		};
		A4C8CDD8279EE86900647621 /* LaunchScreen.storyboard */ = {
			isa = PBXVariantGroup;
			children = (
				A4C8CDD9279EE86900647621 /* Base */,
			);
			name = LaunchScreen.storyboard;
			sourceTree = "<group>";
		};
/* End PBXVariantGroup section */

/* Begin XCBuildConfiguration section */
		A4C8CDDB279EE86900647621 /* Debug */ = {
			isa = XCBuildConfiguration;
			buildSettings = {
				ALWAYS_SEARCH_USER_PATHS = NO;
				CLANG_ANALYZER_NONNULL = YES;
				CLANG_ANALYZER_NUMBER_OBJECT_CONVERSION = YES_AGGRESSIVE;
				CLANG_CXX_LANGUAGE_STANDARD = "gnu++17";
				CLANG_CXX_LIBRARY = "libc++";
				CLANG_ENABLE_MODULES = YES;
				CLANG_ENABLE_OBJC_ARC = YES;
				CLANG_ENABLE_OBJC_WEAK = YES;
				CLANG_WARN_BLOCK_CAPTURE_AUTORELEASING = YES;
				CLANG_WARN_BOOL_CONVERSION = YES;
				CLANG_WARN_COMMA = YES;
				CLANG_WARN_CONSTANT_CONVERSION = YES;
				CLANG_WARN_DEPRECATED_OBJC_IMPLEMENTATIONS = YES;
				CLANG_WARN_DIRECT_OBJC_ISA_USAGE = YES_ERROR;
				CLANG_WARN_DOCUMENTATION_COMMENTS = YES;
				CLANG_WARN_EMPTY_BODY = YES;
				CLANG_WARN_ENUM_CONVERSION = YES;
				CLANG_WARN_INFINITE_RECURSION = YES;
				CLANG_WARN_INT_CONVERSION = YES;
				CLANG_WARN_NON_LITERAL_NULL_CONVERSION = YES;
				CLANG_WARN_OBJC_IMPLICIT_RETAIN_SELF = YES;
				CLANG_WARN_OBJC_LITERAL_CONVERSION = YES;
				CLANG_WARN_OBJC_ROOT_CLASS = YES_ERROR;
				CLANG_WARN_QUOTED_INCLUDE_IN_FRAMEWORK_HEADER = YES;
				CLANG_WARN_RANGE_LOOP_ANALYSIS = YES;
				CLANG_WARN_STRICT_PROTOTYPES = YES;
				CLANG_WARN_SUSPICIOUS_MOVE = YES;
				CLANG_WARN_UNGUARDED_AVAILABILITY = YES_AGGRESSIVE;
				CLANG_WARN_UNREACHABLE_CODE = YES;
				CLANG_WARN__DUPLICATE_METHOD_MATCH = YES;
				COPY_PHASE_STRIP = NO;
				DEBUG_INFORMATION_FORMAT = dwarf;
				ENABLE_STRICT_OBJC_MSGSEND = YES;
				ENABLE_TESTABILITY = YES;
				GCC_C_LANGUAGE_STANDARD = gnu11;
				GCC_DYNAMIC_NO_PIC = NO;
				GCC_NO_COMMON_BLOCKS = YES;
				GCC_OPTIMIZATION_LEVEL = 0;
				GCC_PREPROCESSOR_DEFINITIONS = (
					"DEBUG=1",
					"$(inherited)",
				);
				GCC_WARN_64_TO_32_BIT_CONVERSION = YES;
				GCC_WARN_ABOUT_RETURN_TYPE = YES_ERROR;
				GCC_WARN_UNDECLARED_SELECTOR = YES;
				GCC_WARN_UNINITIALIZED_AUTOS = YES_AGGRESSIVE;
				GCC_WARN_UNUSED_FUNCTION = YES;
				GCC_WARN_UNUSED_VARIABLE = YES;
				IPHONEOS_DEPLOYMENT_TARGET = 15.2;
				MTL_ENABLE_DEBUG_INFO = INCLUDE_SOURCE;
				MTL_FAST_MATH = YES;
				ONLY_ACTIVE_ARCH = YES;
				SDKROOT = iphoneos;
				SWIFT_ACTIVE_COMPILATION_CONDITIONS = DEBUG;
				SWIFT_OPTIMIZATION_LEVEL = "-Onone";
			};
			name = Debug;
		};
		A4C8CDDC279EE86900647621 /* Release */ = {
			isa = XCBuildConfiguration;
			buildSettings = {
				ALWAYS_SEARCH_USER_PATHS = NO;
				CLANG_ANALYZER_NONNULL = YES;
				CLANG_ANALYZER_NUMBER_OBJECT_CONVERSION = YES_AGGRESSIVE;
				CLANG_CXX_LANGUAGE_STANDARD = "gnu++17";
				CLANG_CXX_LIBRARY = "libc++";
				CLANG_ENABLE_MODULES = YES;
				CLANG_ENABLE_OBJC_ARC = YES;
				CLANG_ENABLE_OBJC_WEAK = YES;
				CLANG_WARN_BLOCK_CAPTURE_AUTORELEASING = YES;
				CLANG_WARN_BOOL_CONVERSION = YES;
				CLANG_WARN_COMMA = YES;
				CLANG_WARN_CONSTANT_CONVERSION = YES;
				CLANG_WARN_DEPRECATED_OBJC_IMPLEMENTATIONS = YES;
				CLANG_WARN_DIRECT_OBJC_ISA_USAGE = YES_ERROR;
				CLANG_WARN_DOCUMENTATION_COMMENTS = YES;
				CLANG_WARN_EMPTY_BODY = YES;
				CLANG_WARN_ENUM_CONVERSION = YES;
				CLANG_WARN_INFINITE_RECURSION = YES;
				CLANG_WARN_INT_CONVERSION = YES;
				CLANG_WARN_NON_LITERAL_NULL_CONVERSION = YES;
				CLANG_WARN_OBJC_IMPLICIT_RETAIN_SELF = YES;
				CLANG_WARN_OBJC_LITERAL_CONVERSION = YES;
				CLANG_WARN_OBJC_ROOT_CLASS = YES_ERROR;
				CLANG_WARN_QUOTED_INCLUDE_IN_FRAMEWORK_HEADER = YES;
				CLANG_WARN_RANGE_LOOP_ANALYSIS = YES;
				CLANG_WARN_STRICT_PROTOTYPES = YES;
				CLANG_WARN_SUSPICIOUS_MOVE = YES;
				CLANG_WARN_UNGUARDED_AVAILABILITY = YES_AGGRESSIVE;
				CLANG_WARN_UNREACHABLE_CODE = YES;
				CLANG_WARN__DUPLICATE_METHOD_MATCH = YES;
				COPY_PHASE_STRIP = NO;
				DEBUG_INFORMATION_FORMAT = "dwarf-with-dsym";
				ENABLE_NS_ASSERTIONS = NO;
				ENABLE_STRICT_OBJC_MSGSEND = YES;
				GCC_C_LANGUAGE_STANDARD = gnu11;
				GCC_NO_COMMON_BLOCKS = YES;
				GCC_WARN_64_TO_32_BIT_CONVERSION = YES;
				GCC_WARN_ABOUT_RETURN_TYPE = YES_ERROR;
				GCC_WARN_UNDECLARED_SELECTOR = YES;
				GCC_WARN_UNINITIALIZED_AUTOS = YES_AGGRESSIVE;
				GCC_WARN_UNUSED_FUNCTION = YES;
				GCC_WARN_UNUSED_VARIABLE = YES;
				IPHONEOS_DEPLOYMENT_TARGET = 15.2;
				MTL_ENABLE_DEBUG_INFO = NO;
				MTL_FAST_MATH = YES;
				SDKROOT = iphoneos;
				SWIFT_COMPILATION_MODE = wholemodule;
				SWIFT_OPTIMIZATION_LEVEL = "-O";
				VALIDATE_PRODUCT = YES;
			};
			name = Release;
		};
		A4C8CDDE279EE86900647621 /* Debug */ = {
			isa = XCBuildConfiguration;
			buildSettings = {
				ASSETCATALOG_COMPILER_APPICON_NAME = AppIcon;
				ASSETCATALOG_COMPILER_GLOBAL_ACCENT_COLOR_NAME = AccentColor;
				CODE_SIGN_STYLE = Automatic;
				CURRENT_PROJECT_VERSION = 1;
				DEVELOPMENT_TEAM = ZKN7GZZS2K;
				GENERATE_INFOPLIST_FILE = YES;
				INFOPLIST_KEY_UIApplicationSupportsIndirectInputEvents = YES;
				INFOPLIST_KEY_UILaunchStoryboardName = LaunchScreen;
				INFOPLIST_KEY_UIMainStoryboardFile = Main;
				INFOPLIST_KEY_UIStatusBarHidden = YES;
				INFOPLIST_KEY_UISupportedInterfaceOrientations = "UIInterfaceOrientationLandscapeLeft UIInterfaceOrientationLandscapeRight";
				INFOPLIST_KEY_UISupportedInterfaceOrientations_iPad = "UIInterfaceOrientationLandscapeLeft UIInterfaceOrientationLandscapeRight";
				INFOPLIST_KEY_UISupportedInterfaceOrientations_iPhone = "UIInterfaceOrientationPortrait UIInterfaceOrientationLandscapeLeft UIInterfaceOrientationLandscapeRight";
				LD_RUNPATH_SEARCH_PATHS = (
					"$(inherited)",
					"@executable_path/Frameworks",
				);
				MARKETING_VERSION = 1.0;
				PRODUCT_BUNDLE_IDENTIFIER = com.cassiafranco.Project23;
				PRODUCT_NAME = "$(TARGET_NAME)";
				SWIFT_EMIT_LOC_STRINGS = YES;
				SWIFT_VERSION = 5.0;
				TARGETED_DEVICE_FAMILY = 2;
			};
			name = Debug;
		};
		A4C8CDDF279EE86900647621 /* Release */ = {
			isa = XCBuildConfiguration;
			buildSettings = {
				ASSETCATALOG_COMPILER_APPICON_NAME = AppIcon;
				ASSETCATALOG_COMPILER_GLOBAL_ACCENT_COLOR_NAME = AccentColor;
				CODE_SIGN_STYLE = Automatic;
				CURRENT_PROJECT_VERSION = 1;
				DEVELOPMENT_TEAM = ZKN7GZZS2K;
				GENERATE_INFOPLIST_FILE = YES;
				INFOPLIST_KEY_UIApplicationSupportsIndirectInputEvents = YES;
				INFOPLIST_KEY_UILaunchStoryboardName = LaunchScreen;
				INFOPLIST_KEY_UIMainStoryboardFile = Main;
				INFOPLIST_KEY_UIStatusBarHidden = YES;
				INFOPLIST_KEY_UISupportedInterfaceOrientations = "UIInterfaceOrientationLandscapeLeft UIInterfaceOrientationLandscapeRight";
				INFOPLIST_KEY_UISupportedInterfaceOrientations_iPad = "UIInterfaceOrientationLandscapeLeft UIInterfaceOrientationLandscapeRight";
				INFOPLIST_KEY_UISupportedInterfaceOrientations_iPhone = "UIInterfaceOrientationPortrait UIInterfaceOrientationLandscapeLeft UIInterfaceOrientationLandscapeRight";
				LD_RUNPATH_SEARCH_PATHS = (
					"$(inherited)",
					"@executable_path/Frameworks",
				);
				MARKETING_VERSION = 1.0;
				PRODUCT_BUNDLE_IDENTIFIER = com.cassiafranco.Project23;
				PRODUCT_NAME = "$(TARGET_NAME)";
				SWIFT_EMIT_LOC_STRINGS = YES;
				SWIFT_VERSION = 5.0;
				TARGETED_DEVICE_FAMILY = 2;
			};
			name = Release;
		};
/* End XCBuildConfiguration section */

/* Begin XCConfigurationList section */
		A4C8CDC1279EE86600647621 /* Build configuration list for PBXProject "Project23" */ = {
			isa = XCConfigurationList;
			buildConfigurations = (
				A4C8CDDB279EE86900647621 /* Debug */,
				A4C8CDDC279EE86900647621 /* Release */,
			);
			defaultConfigurationIsVisible = 0;
			defaultConfigurationName = Release;
		};
		A4C8CDDD279EE86900647621 /* Build configuration list for PBXNativeTarget "Project23" */ = {
			isa = XCConfigurationList;
			buildConfigurations = (
				A4C8CDDE279EE86900647621 /* Debug */,
				A4C8CDDF279EE86900647621 /* Release */,
			);
			defaultConfigurationIsVisible = 0;
			defaultConfigurationName = Release;
		};
/* End XCConfigurationList section */
	};
	rootObject = A4C8CDBE279EE86600647621 /* Project object */;
}
